// !$*UTF8*$!
{
	archiveVersion = 1;
	classes = {
	};
	objectVersion = 56;
	objects = {

/* Begin PBXBuildFile section */
		3350061A2C09035E002702E8 /* ClassTrackerApp.swift in Sources */ = {isa = PBXBuildFile; fileRef = 335006192C09035E002702E8 /* ClassTrackerApp.swift */; };
		3350061C2C09035E002702E8 /* ContentView.swift in Sources */ = {isa = PBXBuildFile; fileRef = 3350061B2C09035E002702E8 /* ContentView.swift */; };
		3350061E2C090366002702E8 /* Assets.xcassets in Resources */ = {isa = PBXBuildFile; fileRef = 3350061D2C090366002702E8 /* Assets.xcassets */; };
		335006212C090366002702E8 /* Preview Assets.xcassets in Resources */ = {isa = PBXBuildFile; fileRef = 335006202C090366002702E8 /* Preview Assets.xcassets */; };
		3350062B2C090366002702E8 /* ClassTrackerTests.swift in Sources */ = {isa = PBXBuildFile; fileRef = 3350062A2C090366002702E8 /* ClassTrackerTests.swift */; };
		335006352C090367002702E8 /* ClassTrackerUITests.swift in Sources */ = {isa = PBXBuildFile; fileRef = 335006342C090367002702E8 /* ClassTrackerUITests.swift */; };
		335006372C090367002702E8 /* ClassTrackerUITestsLaunchTests.swift in Sources */ = {isa = PBXBuildFile; fileRef = 335006362C090367002702E8 /* ClassTrackerUITestsLaunchTests.swift */; };
		3350063D2C090367002702E8 /* ClassTracker Watch App.app in Embed Watch Content */ = {isa = PBXBuildFile; fileRef = 3350063C2C090367002702E8 /* ClassTracker Watch App.app */; settings = {ATTRIBUTES = (RemoveHeadersOnCopy, ); }; };
		335006422C090367002702E8 /* ClassTrackerApp.swift in Sources */ = {isa = PBXBuildFile; fileRef = 335006412C090367002702E8 /* ClassTrackerApp.swift */; };
		335006442C090367002702E8 /* ContentView.swift in Sources */ = {isa = PBXBuildFile; fileRef = 335006432C090367002702E8 /* ContentView.swift */; };
		335006462C090369002702E8 /* Assets.xcassets in Resources */ = {isa = PBXBuildFile; fileRef = 335006452C090369002702E8 /* Assets.xcassets */; };
		335006492C090369002702E8 /* Preview Assets.xcassets in Resources */ = {isa = PBXBuildFile; fileRef = 335006482C090369002702E8 /* Preview Assets.xcassets */; };
		335006532C09036A002702E8 /* ClassTracker_Watch_AppTests.swift in Sources */ = {isa = PBXBuildFile; fileRef = 335006522C09036A002702E8 /* ClassTracker_Watch_AppTests.swift */; };
		3350065D2C09036A002702E8 /* ClassTracker_Watch_AppUITests.swift in Sources */ = {isa = PBXBuildFile; fileRef = 3350065C2C09036A002702E8 /* ClassTracker_Watch_AppUITests.swift */; };
		3350065F2C09036A002702E8 /* ClassTracker_Watch_AppUITestsLaunchTests.swift in Sources */ = {isa = PBXBuildFile; fileRef = 3350065E2C09036A002702E8 /* ClassTracker_Watch_AppUITestsLaunchTests.swift */; };
/* End PBXBuildFile section */

/* Begin PBXContainerItemProxy section */
		335006272C090366002702E8 /* PBXContainerItemProxy */ = {
			isa = PBXContainerItemProxy;
			containerPortal = 3350060E2C09035D002702E8 /* Project object */;
			proxyType = 1;
			remoteGlobalIDString = 335006152C09035E002702E8;
			remoteInfo = ClassTracker;
		};
		335006312C090367002702E8 /* PBXContainerItemProxy */ = {
			isa = PBXContainerItemProxy;
			containerPortal = 3350060E2C09035D002702E8 /* Project object */;
			proxyType = 1;
			remoteGlobalIDString = 335006152C09035E002702E8;
			remoteInfo = ClassTracker;
		};
		3350063E2C090367002702E8 /* PBXContainerItemProxy */ = {
			isa = PBXContainerItemProxy;
			containerPortal = 3350060E2C09035D002702E8 /* Project object */;
			proxyType = 1;
			remoteGlobalIDString = 3350063B2C090367002702E8;
			remoteInfo = "ClassTracker Watch App";
		};
		3350064F2C09036A002702E8 /* PBXContainerItemProxy */ = {
			isa = PBXContainerItemProxy;
			containerPortal = 3350060E2C09035D002702E8 /* Project object */;
			proxyType = 1;
			remoteGlobalIDString = 3350063B2C090367002702E8;
			remoteInfo = "ClassTracker Watch App";
		};
		335006592C09036A002702E8 /* PBXContainerItemProxy */ = {
			isa = PBXContainerItemProxy;
			containerPortal = 3350060E2C09035D002702E8 /* Project object */;
			proxyType = 1;
			remoteGlobalIDString = 3350063B2C090367002702E8;
			remoteInfo = "ClassTracker Watch App";
		};
/* End PBXContainerItemProxy section */

/* Begin PBXCopyFilesBuildPhase section */
		335006652C09036A002702E8 /* Embed Watch Content */ = {
			isa = PBXCopyFilesBuildPhase;
			buildActionMask = 2147483647;
			dstPath = "$(CONTENTS_FOLDER_PATH)/Watch";
			dstSubfolderSpec = 16;
			files = (
				3350063D2C090367002702E8 /* ClassTracker Watch App.app in Embed Watch Content */,
			);
			name = "Embed Watch Content";
			runOnlyForDeploymentPostprocessing = 0;
		};
/* End PBXCopyFilesBuildPhase section */

/* Begin PBXFileReference section */
		335006162C09035E002702E8 /* ClassTracker.app */ = {isa = PBXFileReference; explicitFileType = wrapper.application; includeInIndex = 0; path = ClassTracker.app; sourceTree = BUILT_PRODUCTS_DIR; };
		335006192C09035E002702E8 /* ClassTrackerApp.swift */ = {isa = PBXFileReference; lastKnownFileType = sourcecode.swift; path = ClassTrackerApp.swift; sourceTree = "<group>"; };
		3350061B2C09035E002702E8 /* ContentView.swift */ = {isa = PBXFileReference; lastKnownFileType = sourcecode.swift; path = ContentView.swift; sourceTree = "<group>"; };
		3350061D2C090366002702E8 /* Assets.xcassets */ = {isa = PBXFileReference; lastKnownFileType = folder.assetcatalog; path = Assets.xcassets; sourceTree = "<group>"; };
		335006202C090366002702E8 /* Preview Assets.xcassets */ = {isa = PBXFileReference; lastKnownFileType = folder.assetcatalog; path = "Preview Assets.xcassets"; sourceTree = "<group>"; };
		335006262C090366002702E8 /* ClassTrackerTests.xctest */ = {isa = PBXFileReference; explicitFileType = wrapper.cfbundle; includeInIndex = 0; path = ClassTrackerTests.xctest; sourceTree = BUILT_PRODUCTS_DIR; };
		3350062A2C090366002702E8 /* ClassTrackerTests.swift */ = {isa = PBXFileReference; lastKnownFileType = sourcecode.swift; path = ClassTrackerTests.swift; sourceTree = "<group>"; };
		335006302C090367002702E8 /* ClassTrackerUITests.xctest */ = {isa = PBXFileReference; explicitFileType = wrapper.cfbundle; includeInIndex = 0; path = ClassTrackerUITests.xctest; sourceTree = BUILT_PRODUCTS_DIR; };
		335006342C090367002702E8 /* ClassTrackerUITests.swift */ = {isa = PBXFileReference; lastKnownFileType = sourcecode.swift; path = ClassTrackerUITests.swift; sourceTree = "<group>"; };
		335006362C090367002702E8 /* ClassTrackerUITestsLaunchTests.swift */ = {isa = PBXFileReference; lastKnownFileType = sourcecode.swift; path = ClassTrackerUITestsLaunchTests.swift; sourceTree = "<group>"; };
		3350063C2C090367002702E8 /* ClassTracker Watch App.app */ = {isa = PBXFileReference; explicitFileType = wrapper.application; includeInIndex = 0; path = "ClassTracker Watch App.app"; sourceTree = BUILT_PRODUCTS_DIR; };
		335006412C090367002702E8 /* ClassTrackerApp.swift */ = {isa = PBXFileReference; lastKnownFileType = sourcecode.swift; path = ClassTrackerApp.swift; sourceTree = "<group>"; };
		335006432C090367002702E8 /* ContentView.swift */ = {isa = PBXFileReference; lastKnownFileType = sourcecode.swift; path = ContentView.swift; sourceTree = "<group>"; };
		335006452C090369002702E8 /* Assets.xcassets */ = {isa = PBXFileReference; lastKnownFileType = folder.assetcatalog; path = Assets.xcassets; sourceTree = "<group>"; };
		335006482C090369002702E8 /* Preview Assets.xcassets */ = {isa = PBXFileReference; lastKnownFileType = folder.assetcatalog; path = "Preview Assets.xcassets"; sourceTree = "<group>"; };
		3350064E2C09036A002702E8 /* ClassTracker Watch AppTests.xctest */ = {isa = PBXFileReference; explicitFileType = wrapper.cfbundle; includeInIndex = 0; path = "ClassTracker Watch AppTests.xctest"; sourceTree = BUILT_PRODUCTS_DIR; };
		335006522C09036A002702E8 /* ClassTracker_Watch_AppTests.swift */ = {isa = PBXFileReference; lastKnownFileType = sourcecode.swift; path = ClassTracker_Watch_AppTests.swift; sourceTree = "<group>"; };
		335006582C09036A002702E8 /* ClassTracker Watch AppUITests.xctest */ = {isa = PBXFileReference; explicitFileType = wrapper.cfbundle; includeInIndex = 0; path = "ClassTracker Watch AppUITests.xctest"; sourceTree = BUILT_PRODUCTS_DIR; };
		3350065C2C09036A002702E8 /* ClassTracker_Watch_AppUITests.swift */ = {isa = PBXFileReference; lastKnownFileType = sourcecode.swift; path = ClassTracker_Watch_AppUITests.swift; sourceTree = "<group>"; };
		3350065E2C09036A002702E8 /* ClassTracker_Watch_AppUITestsLaunchTests.swift */ = {isa = PBXFileReference; lastKnownFileType = sourcecode.swift; path = ClassTracker_Watch_AppUITestsLaunchTests.swift; sourceTree = "<group>"; };
/* End PBXFileReference section */

/* Begin PBXFrameworksBuildPhase section */
		335006132C09035E002702E8 /* Frameworks */ = {
			isa = PBXFrameworksBuildPhase;
			buildActionMask = 2147483647;
			files = (
			);
			runOnlyForDeploymentPostprocessing = 0;
		};
		335006232C090366002702E8 /* Frameworks */ = {
			isa = PBXFrameworksBuildPhase;
			buildActionMask = 2147483647;
			files = (
			);
			runOnlyForDeploymentPostprocessing = 0;
		};
		3350062D2C090367002702E8 /* Frameworks */ = {
			isa = PBXFrameworksBuildPhase;
			buildActionMask = 2147483647;
			files = (
			);
			runOnlyForDeploymentPostprocessing = 0;
		};
		335006392C090367002702E8 /* Frameworks */ = {
			isa = PBXFrameworksBuildPhase;
			buildActionMask = 2147483647;
			files = (
			);
			runOnlyForDeploymentPostprocessing = 0;
		};
		3350064B2C09036A002702E8 /* Frameworks */ = {
			isa = PBXFrameworksBuildPhase;
			buildActionMask = 2147483647;
			files = (
			);
			runOnlyForDeploymentPostprocessing = 0;
		};
		335006552C09036A002702E8 /* Frameworks */ = {
			isa = PBXFrameworksBuildPhase;
			buildActionMask = 2147483647;
			files = (
			);
			runOnlyForDeploymentPostprocessing = 0;
		};
/* End PBXFrameworksBuildPhase section */

/* Begin PBXGroup section */
		3350060D2C09035D002702E8 = {
			isa = PBXGroup;
			children = (
				335006182C09035E002702E8 /* ClassTracker */,
				335006292C090366002702E8 /* ClassTrackerTests */,
				335006332C090367002702E8 /* ClassTrackerUITests */,
				335006402C090367002702E8 /* ClassTracker Watch App */,
				335006512C09036A002702E8 /* ClassTracker Watch AppTests */,
				3350065B2C09036A002702E8 /* ClassTracker Watch AppUITests */,
				335006172C09035E002702E8 /* Products */,
			);
			sourceTree = "<group>";
		};
		335006172C09035E002702E8 /* Products */ = {
			isa = PBXGroup;
			children = (
				335006162C09035E002702E8 /* ClassTracker.app */,
				335006262C090366002702E8 /* ClassTrackerTests.xctest */,
				335006302C090367002702E8 /* ClassTrackerUITests.xctest */,
				3350063C2C090367002702E8 /* ClassTracker Watch App.app */,
				3350064E2C09036A002702E8 /* ClassTracker Watch AppTests.xctest */,
				335006582C09036A002702E8 /* ClassTracker Watch AppUITests.xctest */,
			);
			name = Products;
			sourceTree = "<group>";
		};
		335006182C09035E002702E8 /* ClassTracker */ = {
			isa = PBXGroup;
			children = (
				335006192C09035E002702E8 /* ClassTrackerApp.swift */,
				3350061B2C09035E002702E8 /* ContentView.swift */,
				3350061D2C090366002702E8 /* Assets.xcassets */,
				3350061F2C090366002702E8 /* Preview Content */,
			);
			path = ClassTracker;
			sourceTree = "<group>";
		};
		3350061F2C090366002702E8 /* Preview Content */ = {
			isa = PBXGroup;
			children = (
				335006202C090366002702E8 /* Preview Assets.xcassets */,
			);
			path = "Preview Content";
			sourceTree = "<group>";
		};
		335006292C090366002702E8 /* ClassTrackerTests */ = {
			isa = PBXGroup;
			children = (
				3350062A2C090366002702E8 /* ClassTrackerTests.swift */,
			);
			path = ClassTrackerTests;
			sourceTree = "<group>";
		};
		335006332C090367002702E8 /* ClassTrackerUITests */ = {
			isa = PBXGroup;
			children = (
				335006342C090367002702E8 /* ClassTrackerUITests.swift */,
				335006362C090367002702E8 /* ClassTrackerUITestsLaunchTests.swift */,
			);
			path = ClassTrackerUITests;
			sourceTree = "<group>";
		};
		335006402C090367002702E8 /* ClassTracker Watch App */ = {
			isa = PBXGroup;
			children = (
				335006412C090367002702E8 /* ClassTrackerApp.swift */,
				335006432C090367002702E8 /* ContentView.swift */,
				335006452C090369002702E8 /* Assets.xcassets */,
				335006472C090369002702E8 /* Preview Content */,
			);
			path = "ClassTracker Watch App";
			sourceTree = "<group>";
		};
		335006472C090369002702E8 /* Preview Content */ = {
			isa = PBXGroup;
			children = (
				335006482C090369002702E8 /* Preview Assets.xcassets */,
			);
			path = "Preview Content";
			sourceTree = "<group>";
		};
		335006512C09036A002702E8 /* ClassTracker Watch AppTests */ = {
			isa = PBXGroup;
			children = (
				335006522C09036A002702E8 /* ClassTracker_Watch_AppTests.swift */,
			);
			path = "ClassTracker Watch AppTests";
			sourceTree = "<group>";
		};
		3350065B2C09036A002702E8 /* ClassTracker Watch AppUITests */ = {
			isa = PBXGroup;
			children = (
				3350065C2C09036A002702E8 /* ClassTracker_Watch_AppUITests.swift */,
				3350065E2C09036A002702E8 /* ClassTracker_Watch_AppUITestsLaunchTests.swift */,
			);
			path = "ClassTracker Watch AppUITests";
			sourceTree = "<group>";
		};
/* End PBXGroup section */

/* Begin PBXNativeTarget section */
		335006152C09035E002702E8 /* ClassTracker */ = {
			isa = PBXNativeTarget;
			buildConfigurationList = 335006662C09036A002702E8 /* Build configuration list for PBXNativeTarget "ClassTracker" */;
			buildPhases = (
				335006122C09035E002702E8 /* Sources */,
				335006132C09035E002702E8 /* Frameworks */,
				335006142C09035E002702E8 /* Resources */,
				335006652C09036A002702E8 /* Embed Watch Content */,
			);
			buildRules = (
			);
			dependencies = (
				3350063F2C090367002702E8 /* PBXTargetDependency */,
			);
			name = ClassTracker;
			productName = ClassTracker;
			productReference = 335006162C09035E002702E8 /* ClassTracker.app */;
			productType = "com.apple.product-type.application";
		};
		335006252C090366002702E8 /* ClassTrackerTests */ = {
			isa = PBXNativeTarget;
			buildConfigurationList = 335006692C09036A002702E8 /* Build configuration list for PBXNativeTarget "ClassTrackerTests" */;
			buildPhases = (
				335006222C090366002702E8 /* Sources */,
				335006232C090366002702E8 /* Frameworks */,
				335006242C090366002702E8 /* Resources */,
			);
			buildRules = (
			);
			dependencies = (
				335006282C090366002702E8 /* PBXTargetDependency */,
			);
			name = ClassTrackerTests;
			productName = ClassTrackerTests;
			productReference = 335006262C090366002702E8 /* ClassTrackerTests.xctest */;
			productType = "com.apple.product-type.bundle.unit-test";
		};
		3350062F2C090367002702E8 /* ClassTrackerUITests */ = {
			isa = PBXNativeTarget;
			buildConfigurationList = 3350066C2C09036A002702E8 /* Build configuration list for PBXNativeTarget "ClassTrackerUITests" */;
			buildPhases = (
				3350062C2C090367002702E8 /* Sources */,
				3350062D2C090367002702E8 /* Frameworks */,
				3350062E2C090367002702E8 /* Resources */,
			);
			buildRules = (
			);
			dependencies = (
				335006322C090367002702E8 /* PBXTargetDependency */,
			);
			name = ClassTrackerUITests;
			productName = ClassTrackerUITests;
			productReference = 335006302C090367002702E8 /* ClassTrackerUITests.xctest */;
			productType = "com.apple.product-type.bundle.ui-testing";
		};
		3350063B2C090367002702E8 /* ClassTracker Watch App */ = {
			isa = PBXNativeTarget;
			buildConfigurationList = 335006622C09036A002702E8 /* Build configuration list for PBXNativeTarget "ClassTracker Watch App" */;
			buildPhases = (
				335006382C090367002702E8 /* Sources */,
				335006392C090367002702E8 /* Frameworks */,
				3350063A2C090367002702E8 /* Resources */,
			);
			buildRules = (
			);
			dependencies = (
			);
			name = "ClassTracker Watch App";
			productName = "ClassTracker Watch App";
			productReference = 3350063C2C090367002702E8 /* ClassTracker Watch App.app */;
			productType = "com.apple.product-type.application";
		};
		3350064D2C09036A002702E8 /* ClassTracker Watch AppTests */ = {
			isa = PBXNativeTarget;
			buildConfigurationList = 3350066F2C09036A002702E8 /* Build configuration list for PBXNativeTarget "ClassTracker Watch AppTests" */;
			buildPhases = (
				3350064A2C09036A002702E8 /* Sources */,
				3350064B2C09036A002702E8 /* Frameworks */,
				3350064C2C09036A002702E8 /* Resources */,
			);
			buildRules = (
			);
			dependencies = (
				335006502C09036A002702E8 /* PBXTargetDependency */,
			);
			name = "ClassTracker Watch AppTests";
			productName = "ClassTracker Watch AppTests";
			productReference = 3350064E2C09036A002702E8 /* ClassTracker Watch AppTests.xctest */;
			productType = "com.apple.product-type.bundle.unit-test";
		};
		335006572C09036A002702E8 /* ClassTracker Watch AppUITests */ = {
			isa = PBXNativeTarget;
			buildConfigurationList = 335006722C09036A002702E8 /* Build configuration list for PBXNativeTarget "ClassTracker Watch AppUITests" */;
			buildPhases = (
				335006542C09036A002702E8 /* Sources */,
				335006552C09036A002702E8 /* Frameworks */,
				335006562C09036A002702E8 /* Resources */,
			);
			buildRules = (
			);
			dependencies = (
				3350065A2C09036A002702E8 /* PBXTargetDependency */,
			);
			name = "ClassTracker Watch AppUITests";
			productName = "ClassTracker Watch AppUITests";
			productReference = 335006582C09036A002702E8 /* ClassTracker Watch AppUITests.xctest */;
			productType = "com.apple.product-type.bundle.ui-testing";
		};
/* End PBXNativeTarget section */

/* Begin PBXProject section */
		3350060E2C09035D002702E8 /* Project object */ = {
			isa = PBXProject;
			attributes = {
				BuildIndependentTargetsInParallel = 1;
				LastSwiftUpdateCheck = 1540;
				LastUpgradeCheck = 1540;
				TargetAttributes = {
					335006152C09035E002702E8 = {
						CreatedOnToolsVersion = 15.4;
					};
					335006252C090366002702E8 = {
						CreatedOnToolsVersion = 15.4;
						TestTargetID = 335006152C09035E002702E8;
					};
					3350062F2C090367002702E8 = {
						CreatedOnToolsVersion = 15.4;
						TestTargetID = 335006152C09035E002702E8;
					};
					3350063B2C090367002702E8 = {
						CreatedOnToolsVersion = 15.4;
					};
					3350064D2C09036A002702E8 = {
						CreatedOnToolsVersion = 15.4;
						TestTargetID = 3350063B2C090367002702E8;
					};
					335006572C09036A002702E8 = {
						CreatedOnToolsVersion = 15.4;
						TestTargetID = 3350063B2C090367002702E8;
					};
				};
			};
			buildConfigurationList = 335006112C09035D002702E8 /* Build configuration list for PBXProject "ClassTracker" */;
			compatibilityVersion = "Xcode 14.0";
			developmentRegion = en;
			hasScannedForEncodings = 0;
			knownRegions = (
				en,
				Base,
			);
			mainGroup = 3350060D2C09035D002702E8;
			productRefGroup = 335006172C09035E002702E8 /* Products */;
			projectDirPath = "";
			projectRoot = "";
			targets = (
				335006152C09035E002702E8 /* ClassTracker */,
				335006252C090366002702E8 /* ClassTrackerTests */,
				3350062F2C090367002702E8 /* ClassTrackerUITests */,
				3350063B2C090367002702E8 /* ClassTracker Watch App */,
				3350064D2C09036A002702E8 /* ClassTracker Watch AppTests */,
				335006572C09036A002702E8 /* ClassTracker Watch AppUITests */,
			);
		};
/* End PBXProject section */

/* Begin PBXResourcesBuildPhase section */
		335006142C09035E002702E8 /* Resources */ = {
			isa = PBXResourcesBuildPhase;
			buildActionMask = 2147483647;
			files = (
				335006212C090366002702E8 /* Preview Assets.xcassets in Resources */,
				3350061E2C090366002702E8 /* Assets.xcassets in Resources */,
			);
			runOnlyForDeploymentPostprocessing = 0;
		};
		335006242C090366002702E8 /* Resources */ = {
			isa = PBXResourcesBuildPhase;
			buildActionMask = 2147483647;
			files = (
			);
			runOnlyForDeploymentPostprocessing = 0;
		};
		3350062E2C090367002702E8 /* Resources */ = {
			isa = PBXResourcesBuildPhase;
			buildActionMask = 2147483647;
			files = (
			);
			runOnlyForDeploymentPostprocessing = 0;
		};
		3350063A2C090367002702E8 /* Resources */ = {
			isa = PBXResourcesBuildPhase;
			buildActionMask = 2147483647;
			files = (
				335006492C090369002702E8 /* Preview Assets.xcassets in Resources */,
				335006462C090369002702E8 /* Assets.xcassets in Resources */,
			);
			runOnlyForDeploymentPostprocessing = 0;
		};
		3350064C2C09036A002702E8 /* Resources */ = {
			isa = PBXResourcesBuildPhase;
			buildActionMask = 2147483647;
			files = (
			);
			runOnlyForDeploymentPostprocessing = 0;
		};
		335006562C09036A002702E8 /* Resources */ = {
			isa = PBXResourcesBuildPhase;
			buildActionMask = 2147483647;
			files = (
			);
			runOnlyForDeploymentPostprocessing = 0;
		};
/* End PBXResourcesBuildPhase section */

/* Begin PBXSourcesBuildPhase section */
		335006122C09035E002702E8 /* Sources */ = {
			isa = PBXSourcesBuildPhase;
			buildActionMask = 2147483647;
			files = (
				3350061C2C09035E002702E8 /* ContentView.swift in Sources */,
				3350061A2C09035E002702E8 /* ClassTrackerApp.swift in Sources */,
			);
			runOnlyForDeploymentPostprocessing = 0;
		};
		335006222C090366002702E8 /* Sources */ = {
			isa = PBXSourcesBuildPhase;
			buildActionMask = 2147483647;
			files = (
				3350062B2C090366002702E8 /* ClassTrackerTests.swift in Sources */,
			);
			runOnlyForDeploymentPostprocessing = 0;
		};
		3350062C2C090367002702E8 /* Sources */ = {
			isa = PBXSourcesBuildPhase;
			buildActionMask = 2147483647;
			files = (
				335006372C090367002702E8 /* ClassTrackerUITestsLaunchTests.swift in Sources */,
				335006352C090367002702E8 /* ClassTrackerUITests.swift in Sources */,
			);
			runOnlyForDeploymentPostprocessing = 0;
		};
		335006382C090367002702E8 /* Sources */ = {
			isa = PBXSourcesBuildPhase;
			buildActionMask = 2147483647;
			files = (
				335006442C090367002702E8 /* ContentView.swift in Sources */,
				335006422C090367002702E8 /* ClassTrackerApp.swift in Sources */,
			);
			runOnlyForDeploymentPostprocessing = 0;
		};
		3350064A2C09036A002702E8 /* Sources */ = {
			isa = PBXSourcesBuildPhase;
			buildActionMask = 2147483647;
			files = (
				335006532C09036A002702E8 /* ClassTracker_Watch_AppTests.swift in Sources */,
			);
			runOnlyForDeploymentPostprocessing = 0;
		};
		335006542C09036A002702E8 /* Sources */ = {
			isa = PBXSourcesBuildPhase;
			buildActionMask = 2147483647;
			files = (
				3350065F2C09036A002702E8 /* ClassTracker_Watch_AppUITestsLaunchTests.swift in Sources */,
				3350065D2C09036A002702E8 /* ClassTracker_Watch_AppUITests.swift in Sources */,
			);
			runOnlyForDeploymentPostprocessing = 0;
		};
/* End PBXSourcesBuildPhase section */

/* Begin PBXTargetDependency section */
		335006282C090366002702E8 /* PBXTargetDependency */ = {
			isa = PBXTargetDependency;
			target = 335006152C09035E002702E8 /* ClassTracker */;
			targetProxy = 335006272C090366002702E8 /* PBXContainerItemProxy */;
		};
		335006322C090367002702E8 /* PBXTargetDependency */ = {
			isa = PBXTargetDependency;
			target = 335006152C09035E002702E8 /* ClassTracker */;
			targetProxy = 335006312C090367002702E8 /* PBXContainerItemProxy */;
		};
		3350063F2C090367002702E8 /* PBXTargetDependency */ = {
			isa = PBXTargetDependency;
			target = 3350063B2C090367002702E8 /* ClassTracker Watch App */;
			targetProxy = 3350063E2C090367002702E8 /* PBXContainerItemProxy */;
		};
		335006502C09036A002702E8 /* PBXTargetDependency */ = {
			isa = PBXTargetDependency;
			target = 3350063B2C090367002702E8 /* ClassTracker Watch App */;
			targetProxy = 3350064F2C09036A002702E8 /* PBXContainerItemProxy */;
		};
		3350065A2C09036A002702E8 /* PBXTargetDependency */ = {
			isa = PBXTargetDependency;
			target = 3350063B2C090367002702E8 /* ClassTracker Watch App */;
			targetProxy = 335006592C09036A002702E8 /* PBXContainerItemProxy */;
		};
/* End PBXTargetDependency section */

/* Begin XCBuildConfiguration section */
		335006602C09036A002702E8 /* Debug */ = {
			isa = XCBuildConfiguration;
			buildSettings = {
				ALWAYS_SEARCH_USER_PATHS = NO;
				ASSETCATALOG_COMPILER_GENERATE_SWIFT_ASSET_SYMBOL_EXTENSIONS = YES;
				CLANG_ANALYZER_NONNULL = YES;
				CLANG_ANALYZER_NUMBER_OBJECT_CONVERSION = YES_AGGRESSIVE;
				CLANG_CXX_LANGUAGE_STANDARD = "gnu++20";
				CLANG_ENABLE_MODULES = YES;
				CLANG_ENABLE_OBJC_ARC = YES;
				CLANG_ENABLE_OBJC_WEAK = YES;
				CLANG_WARN_BLOCK_CAPTURE_AUTORELEASING = YES;
				CLANG_WARN_BOOL_CONVERSION = YES;
				CLANG_WARN_COMMA = YES;
				CLANG_WARN_CONSTANT_CONVERSION = YES;
				CLANG_WARN_DEPRECATED_OBJC_IMPLEMENTATIONS = YES;
				CLANG_WARN_DIRECT_OBJC_ISA_USAGE = YES_ERROR;
				CLANG_WARN_DOCUMENTATION_COMMENTS = YES;
				CLANG_WARN_EMPTY_BODY = YES;
				CLANG_WARN_ENUM_CONVERSION = YES;
				CLANG_WARN_INFINITE_RECURSION = YES;
				CLANG_WARN_INT_CONVERSION = YES;
				CLANG_WARN_NON_LITERAL_NULL_CONVERSION = YES;
				CLANG_WARN_OBJC_IMPLICIT_RETAIN_SELF = YES;
				CLANG_WARN_OBJC_LITERAL_CONVERSION = YES;
				CLANG_WARN_OBJC_ROOT_CLASS = YES_ERROR;
				CLANG_WARN_QUOTED_INCLUDE_IN_FRAMEWORK_HEADER = YES;
				CLANG_WARN_RANGE_LOOP_ANALYSIS = YES;
				CLANG_WARN_STRICT_PROTOTYPES = YES;
				CLANG_WARN_SUSPICIOUS_MOVE = YES;
				CLANG_WARN_UNGUARDED_AVAILABILITY = YES_AGGRESSIVE;
				CLANG_WARN_UNREACHABLE_CODE = YES;
				CLANG_WARN__DUPLICATE_METHOD_MATCH = YES;
				COPY_PHASE_STRIP = NO;
				DEBUG_INFORMATION_FORMAT = dwarf;
				ENABLE_STRICT_OBJC_MSGSEND = YES;
				ENABLE_TESTABILITY = YES;
				ENABLE_USER_SCRIPT_SANDBOXING = YES;
				GCC_C_LANGUAGE_STANDARD = gnu17;
				GCC_DYNAMIC_NO_PIC = NO;
				GCC_NO_COMMON_BLOCKS = YES;
				GCC_OPTIMIZATION_LEVEL = 0;
				GCC_PREPROCESSOR_DEFINITIONS = (
					"DEBUG=1",
					"$(inherited)",
				);
				GCC_WARN_64_TO_32_BIT_CONVERSION = YES;
				GCC_WARN_ABOUT_RETURN_TYPE = YES_ERROR;
				GCC_WARN_UNDECLARED_SELECTOR = YES;
				GCC_WARN_UNINITIALIZED_AUTOS = YES_AGGRESSIVE;
				GCC_WARN_UNUSED_FUNCTION = YES;
				GCC_WARN_UNUSED_VARIABLE = YES;
				IPHONEOS_DEPLOYMENT_TARGET = 17.5;
				LOCALIZATION_PREFERS_STRING_CATALOGS = YES;
				MTL_ENABLE_DEBUG_INFO = INCLUDE_SOURCE;
				MTL_FAST_MATH = YES;
				ONLY_ACTIVE_ARCH = YES;
				SWIFT_ACTIVE_COMPILATION_CONDITIONS = "DEBUG $(inherited)";
				SWIFT_OPTIMIZATION_LEVEL = "-Onone";
				WATCHOS_DEPLOYMENT_TARGET = 10.5;
			};
			name = Debug;
		};
		335006612C09036A002702E8 /* Release */ = {
			isa = XCBuildConfiguration;
			buildSettings = {
				ALWAYS_SEARCH_USER_PATHS = NO;
				ASSETCATALOG_COMPILER_GENERATE_SWIFT_ASSET_SYMBOL_EXTENSIONS = YES;
				CLANG_ANALYZER_NONNULL = YES;
				CLANG_ANALYZER_NUMBER_OBJECT_CONVERSION = YES_AGGRESSIVE;
				CLANG_CXX_LANGUAGE_STANDARD = "gnu++20";
				CLANG_ENABLE_MODULES = YES;
				CLANG_ENABLE_OBJC_ARC = YES;
				CLANG_ENABLE_OBJC_WEAK = YES;
				CLANG_WARN_BLOCK_CAPTURE_AUTORELEASING = YES;
				CLANG_WARN_BOOL_CONVERSION = YES;
				CLANG_WARN_COMMA = YES;
				CLANG_WARN_CONSTANT_CONVERSION = YES;
				CLANG_WARN_DEPRECATED_OBJC_IMPLEMENTATIONS = YES;
				CLANG_WARN_DIRECT_OBJC_ISA_USAGE = YES_ERROR;
				CLANG_WARN_DOCUMENTATION_COMMENTS = YES;
				CLANG_WARN_EMPTY_BODY = YES;
				CLANG_WARN_ENUM_CONVERSION = YES;
				CLANG_WARN_INFINITE_RECURSION = YES;
				CLANG_WARN_INT_CONVERSION = YES;
				CLANG_WARN_NON_LITERAL_NULL_CONVERSION = YES;
				CLANG_WARN_OBJC_IMPLICIT_RETAIN_SELF = YES;
				CLANG_WARN_OBJC_LITERAL_CONVERSION = YES;
				CLANG_WARN_OBJC_ROOT_CLASS = YES_ERROR;
				CLANG_WARN_QUOTED_INCLUDE_IN_FRAMEWORK_HEADER = YES;
				CLANG_WARN_RANGE_LOOP_ANALYSIS = YES;
				CLANG_WARN_STRICT_PROTOTYPES = YES;
				CLANG_WARN_SUSPICIOUS_MOVE = YES;
				CLANG_WARN_UNGUARDED_AVAILABILITY = YES_AGGRESSIVE;
				CLANG_WARN_UNREACHABLE_CODE = YES;
				CLANG_WARN__DUPLICATE_METHOD_MATCH = YES;
				COPY_PHASE_STRIP = NO;
				DEBUG_INFORMATION_FORMAT = "dwarf-with-dsym";
				ENABLE_NS_ASSERTIONS = NO;
				ENABLE_STRICT_OBJC_MSGSEND = YES;
				ENABLE_USER_SCRIPT_SANDBOXING = YES;
				GCC_C_LANGUAGE_STANDARD = gnu17;
				GCC_NO_COMMON_BLOCKS = YES;
				GCC_WARN_64_TO_32_BIT_CONVERSION = YES;
				GCC_WARN_ABOUT_RETURN_TYPE = YES_ERROR;
				GCC_WARN_UNDECLARED_SELECTOR = YES;
				GCC_WARN_UNINITIALIZED_AUTOS = YES_AGGRESSIVE;
				GCC_WARN_UNUSED_FUNCTION = YES;
				GCC_WARN_UNUSED_VARIABLE = YES;
				IPHONEOS_DEPLOYMENT_TARGET = 17.5;
				LOCALIZATION_PREFERS_STRING_CATALOGS = YES;
				MTL_ENABLE_DEBUG_INFO = NO;
				MTL_FAST_MATH = YES;
				SWIFT_COMPILATION_MODE = wholemodule;
				WATCHOS_DEPLOYMENT_TARGET = 10.5;
			};
			name = Release;
		};
		335006632C09036A002702E8 /* Debug */ = {
			isa = XCBuildConfiguration;
			buildSettings = {
				ASSETCATALOG_COMPILER_APPICON_NAME = AppIcon;
				ASSETCATALOG_COMPILER_GLOBAL_ACCENT_COLOR_NAME = AccentColor;
				CODE_SIGN_STYLE = Automatic;
				CURRENT_PROJECT_VERSION = 1;
				DEVELOPMENT_ASSET_PATHS = "\"ClassTracker Watch App/Preview Content\"";
				DEVELOPMENT_TEAM = XFLGFPAV24;
				ENABLE_PREVIEWS = YES;
				GENERATE_INFOPLIST_FILE = YES;
				INFOPLIST_KEY_CFBundleDisplayName = ClassTracker;
				INFOPLIST_KEY_UISupportedInterfaceOrientations = "UIInterfaceOrientationPortrait UIInterfaceOrientationPortraitUpsideDown";
				INFOPLIST_KEY_WKCompanionAppBundleIdentifier = nanolocity.ClassTracker;
				LD_RUNPATH_SEARCH_PATHS = (
					"$(inherited)",
					"@executable_path/Frameworks",
				);
				MARKETING_VERSION = 1.0;
				PRODUCT_BUNDLE_IDENTIFIER = nanolocity.ClassTracker.watchkitapp;
				PRODUCT_NAME = "$(TARGET_NAME)";
				SDKROOT = watchos;
				SKIP_INSTALL = YES;
				SWIFT_EMIT_LOC_STRINGS = YES;
				SWIFT_VERSION = 5.0;
				TARGETED_DEVICE_FAMILY = 4;
				WATCHOS_DEPLOYMENT_TARGET = 10.5;
			};
			name = Debug;
		};
		335006642C09036A002702E8 /* Release */ = {
			isa = XCBuildConfiguration;
			buildSettings = {
				ASSETCATALOG_COMPILER_APPICON_NAME = AppIcon;
				ASSETCATALOG_COMPILER_GLOBAL_ACCENT_COLOR_NAME = AccentColor;
				CODE_SIGN_STYLE = Automatic;
				CURRENT_PROJECT_VERSION = 1;
				DEVELOPMENT_ASSET_PATHS = "\"ClassTracker Watch App/Preview Content\"";
				DEVELOPMENT_TEAM = XFLGFPAV24;
				ENABLE_PREVIEWS = YES;
				GENERATE_INFOPLIST_FILE = YES;
				INFOPLIST_KEY_CFBundleDisplayName = ClassTracker;
				INFOPLIST_KEY_UISupportedInterfaceOrientations = "UIInterfaceOrientationPortrait UIInterfaceOrientationPortraitUpsideDown";
				INFOPLIST_KEY_WKCompanionAppBundleIdentifier = nanolocity.ClassTracker;
				LD_RUNPATH_SEARCH_PATHS = (
					"$(inherited)",
					"@executable_path/Frameworks",
				);
				MARKETING_VERSION = 1.0;
				PRODUCT_BUNDLE_IDENTIFIER = nanolocity.ClassTracker.watchkitapp;
				PRODUCT_NAME = "$(TARGET_NAME)";
				SDKROOT = watchos;
				SKIP_INSTALL = YES;
				SWIFT_EMIT_LOC_STRINGS = YES;
				SWIFT_VERSION = 5.0;
				TARGETED_DEVICE_FAMILY = 4;
				VALIDATE_PRODUCT = YES;
				WATCHOS_DEPLOYMENT_TARGET = 10.5;
			};
			name = Release;
		};
		335006672C09036A002702E8 /* Debug */ = {
			isa = XCBuildConfiguration;
			buildSettings = {
				ALWAYS_EMBED_SWIFT_STANDARD_LIBRARIES = YES;
				ASSETCATALOG_COMPILER_APPICON_NAME = AppIcon;
				ASSETCATALOG_COMPILER_GLOBAL_ACCENT_COLOR_NAME = AccentColor;
				CODE_SIGN_STYLE = Automatic;
				CURRENT_PROJECT_VERSION = 1;
				DEVELOPMENT_ASSET_PATHS = "\"ClassTracker/Preview Content\"";
				DEVELOPMENT_TEAM = XFLGFPAV24;
				ENABLE_PREVIEWS = YES;
				GENERATE_INFOPLIST_FILE = YES;
				INFOPLIST_KEY_CFBundleDisplayName = ClassTracker;
				INFOPLIST_KEY_UIApplicationSceneManifest_Generation = YES;
				INFOPLIST_KEY_UIApplicationSupportsIndirectInputEvents = YES;
				INFOPLIST_KEY_UILaunchScreen_Generation = YES;
				INFOPLIST_KEY_UISupportedInterfaceOrientations_iPad = "UIInterfaceOrientationPortrait UIInterfaceOrientationPortraitUpsideDown UIInterfaceOrientationLandscapeLeft UIInterfaceOrientationLandscapeRight";
				INFOPLIST_KEY_UISupportedInterfaceOrientations_iPhone = "UIInterfaceOrientationPortrait UIInterfaceOrientationLandscapeLeft UIInterfaceOrientationLandscapeRight";
				IPHONEOS_DEPLOYMENT_TARGET = 17.5;
				LD_RUNPATH_SEARCH_PATHS = (
					"$(inherited)",
					"@executable_path/Frameworks",
				);
				MARKETING_VERSION = 1.0;
				PRODUCT_BUNDLE_IDENTIFIER = nanolocity.ClassTracker;
				PRODUCT_NAME = "$(TARGET_NAME)";
				SDKROOT = iphoneos;
				SUPPORTED_PLATFORMS = "iphoneos iphonesimulator";
				SUPPORTS_MACCATALYST = NO;
				SUPPORTS_MAC_DESIGNED_FOR_IPHONE_IPAD = NO;
				SUPPORTS_XR_DESIGNED_FOR_IPHONE_IPAD = NO;
				SWIFT_EMIT_LOC_STRINGS = YES;
				SWIFT_VERSION = 5.0;
				TARGETED_DEVICE_FAMILY = 1;
			};
			name = Debug;
		};
		335006682C09036A002702E8 /* Release */ = {
			isa = XCBuildConfiguration;
			buildSettings = {
				ALWAYS_EMBED_SWIFT_STANDARD_LIBRARIES = YES;
				ASSETCATALOG_COMPILER_APPICON_NAME = AppIcon;
				ASSETCATALOG_COMPILER_GLOBAL_ACCENT_COLOR_NAME = AccentColor;
				CODE_SIGN_STYLE = Automatic;
				CURRENT_PROJECT_VERSION = 1;
				DEVELOPMENT_ASSET_PATHS = "\"ClassTracker/Preview Content\"";
				DEVELOPMENT_TEAM = XFLGFPAV24;
				ENABLE_PREVIEWS = YES;
				GENERATE_INFOPLIST_FILE = YES;
				INFOPLIST_KEY_CFBundleDisplayName = ClassTracker;
				INFOPLIST_KEY_UIApplicationSceneManifest_Generation = YES;
				INFOPLIST_KEY_UIApplicationSupportsIndirectInputEvents = YES;
				INFOPLIST_KEY_UILaunchScreen_Generation = YES;
				INFOPLIST_KEY_UISupportedInterfaceOrientations_iPad = "UIInterfaceOrientationPortrait UIInterfaceOrientationPortraitUpsideDown UIInterfaceOrientationLandscapeLeft UIInterfaceOrientationLandscapeRight";
				INFOPLIST_KEY_UISupportedInterfaceOrientations_iPhone = "UIInterfaceOrientationPortrait UIInterfaceOrientationLandscapeLeft UIInterfaceOrientationLandscapeRight";
				IPHONEOS_DEPLOYMENT_TARGET = 17.5;
				LD_RUNPATH_SEARCH_PATHS = (
					"$(inherited)",
					"@executable_path/Frameworks",
				);
				MARKETING_VERSION = 1.0;
				PRODUCT_BUNDLE_IDENTIFIER = nanolocity.ClassTracker;
				PRODUCT_NAME = "$(TARGET_NAME)";
				SDKROOT = iphoneos;
				SUPPORTED_PLATFORMS = "iphoneos iphonesimulator";
				SUPPORTS_MACCATALYST = NO;
				SUPPORTS_MAC_DESIGNED_FOR_IPHONE_IPAD = NO;
				SUPPORTS_XR_DESIGNED_FOR_IPHONE_IPAD = NO;
				SWIFT_EMIT_LOC_STRINGS = YES;
				SWIFT_VERSION = 5.0;
				TARGETED_DEVICE_FAMILY = 1;
				VALIDATE_PRODUCT = YES;
			};
			name = Release;
		};
		3350066A2C09036A002702E8 /* Debug */ = {
			isa = XCBuildConfiguration;
			buildSettings = {
				ALWAYS_EMBED_SWIFT_STANDARD_LIBRARIES = YES;
				BUNDLE_LOADER = "$(TEST_HOST)";
				CODE_SIGN_STYLE = Automatic;
				CURRENT_PROJECT_VERSION = 1;
				DEVELOPMENT_TEAM = XFLGFPAV24;
				GENERATE_INFOPLIST_FILE = YES;
				IPHONEOS_DEPLOYMENT_TARGET = 17.5;
				MARKETING_VERSION = 1.0;
				PRODUCT_BUNDLE_IDENTIFIER = nanolocity.ClassTrackerTests;
				PRODUCT_NAME = "$(TARGET_NAME)";
				SDKROOT = iphoneos;
				SWIFT_EMIT_LOC_STRINGS = NO;
				SWIFT_VERSION = 5.0;
				TARGETED_DEVICE_FAMILY = "1,2";
				TEST_HOST = "$(BUILT_PRODUCTS_DIR)/ClassTracker.app/$(BUNDLE_EXECUTABLE_FOLDER_PATH)/ClassTracker";
			};
			name = Debug;
		};
		3350066B2C09036A002702E8 /* Release */ = {
			isa = XCBuildConfiguration;
			buildSettings = {
				ALWAYS_EMBED_SWIFT_STANDARD_LIBRARIES = YES;
				BUNDLE_LOADER = "$(TEST_HOST)";
				CODE_SIGN_STYLE = Automatic;
				CURRENT_PROJECT_VERSION = 1;
				DEVELOPMENT_TEAM = XFLGFPAV24;
				GENERATE_INFOPLIST_FILE = YES;
				IPHONEOS_DEPLOYMENT_TARGET = 17.5;
				MARKETING_VERSION = 1.0;
				PRODUCT_BUNDLE_IDENTIFIER = nanolocity.ClassTrackerTests;
				PRODUCT_NAME = "$(TARGET_NAME)";
				SDKROOT = iphoneos;
				SWIFT_EMIT_LOC_STRINGS = NO;
				SWIFT_VERSION = 5.0;
				TARGETED_DEVICE_FAMILY = "1,2";
				TEST_HOST = "$(BUILT_PRODUCTS_DIR)/ClassTracker.app/$(BUNDLE_EXECUTABLE_FOLDER_PATH)/ClassTracker";
				VALIDATE_PRODUCT = YES;
			};
			name = Release;
		};
		3350066D2C09036A002702E8 /* Debug */ = {
			isa = XCBuildConfiguration;
			buildSettings = {
				ALWAYS_EMBED_SWIFT_STANDARD_LIBRARIES = YES;
				CODE_SIGN_STYLE = Automatic;
				CURRENT_PROJECT_VERSION = 1;
				DEVELOPMENT_TEAM = XFLGFPAV24;
				GENERATE_INFOPLIST_FILE = YES;
				IPHONEOS_DEPLOYMENT_TARGET = 17.5;
				MARKETING_VERSION = 1.0;
				PRODUCT_BUNDLE_IDENTIFIER = nanolocity.ClassTrackerUITests;
				PRODUCT_NAME = "$(TARGET_NAME)";
				SDKROOT = iphoneos;
				SWIFT_EMIT_LOC_STRINGS = NO;
				SWIFT_VERSION = 5.0;
				TARGETED_DEVICE_FAMILY = "1,2";
				TEST_TARGET_NAME = ClassTracker;
			};
			name = Debug;
		};
		3350066E2C09036A002702E8 /* Release */ = {
			isa = XCBuildConfiguration;
			buildSettings = {
				ALWAYS_EMBED_SWIFT_STANDARD_LIBRARIES = YES;
				CODE_SIGN_STYLE = Automatic;
				CURRENT_PROJECT_VERSION = 1;
				DEVELOPMENT_TEAM = XFLGFPAV24;
				GENERATE_INFOPLIST_FILE = YES;
				IPHONEOS_DEPLOYMENT_TARGET = 17.5;
				MARKETING_VERSION = 1.0;
				PRODUCT_BUNDLE_IDENTIFIER = nanolocity.ClassTrackerUITests;
				PRODUCT_NAME = "$(TARGET_NAME)";
				SDKROOT = iphoneos;
				SWIFT_EMIT_LOC_STRINGS = NO;
				SWIFT_VERSION = 5.0;
				TARGETED_DEVICE_FAMILY = "1,2";
				TEST_TARGET_NAME = ClassTracker;
				VALIDATE_PRODUCT = YES;
			};
			name = Release;
		};
		335006702C09036A002702E8 /* Debug */ = {
			isa = XCBuildConfiguration;
			buildSettings = {
				ALWAYS_EMBED_SWIFT_STANDARD_LIBRARIES = YES;
				BUNDLE_LOADER = "$(TEST_HOST)";
				CODE_SIGN_STYLE = Automatic;
				CURRENT_PROJECT_VERSION = 1;
				DEVELOPMENT_TEAM = XFLGFPAV24;
				GENERATE_INFOPLIST_FILE = YES;
				MARKETING_VERSION = 1.0;
				PRODUCT_BUNDLE_IDENTIFIER = "nanolocity.ClassTracker-Watch-AppTests";
				PRODUCT_NAME = "$(TARGET_NAME)";
				SDKROOT = watchos;
				SWIFT_EMIT_LOC_STRINGS = NO;
				SWIFT_VERSION = 5.0;
				TARGETED_DEVICE_FAMILY = 4;
				TEST_HOST = "$(BUILT_PRODUCTS_DIR)/ClassTracker Watch App.app/$(BUNDLE_EXECUTABLE_FOLDER_PATH)/ClassTracker Watch App";
				WATCHOS_DEPLOYMENT_TARGET = 10.5;
			};
			name = Debug;
		};
		335006712C09036A002702E8 /* Release */ = {
			isa = XCBuildConfiguration;
			buildSettings = {
				ALWAYS_EMBED_SWIFT_STANDARD_LIBRARIES = YES;
				BUNDLE_LOADER = "$(TEST_HOST)";
				CODE_SIGN_STYLE = Automatic;
				CURRENT_PROJECT_VERSION = 1;
				DEVELOPMENT_TEAM = XFLGFPAV24;
				GENERATE_INFOPLIST_FILE = YES;
				MARKETING_VERSION = 1.0;
				PRODUCT_BUNDLE_IDENTIFIER = "nanolocity.ClassTracker-Watch-AppTests";
				PRODUCT_NAME = "$(TARGET_NAME)";
				SDKROOT = watchos;
				SWIFT_EMIT_LOC_STRINGS = NO;
				SWIFT_VERSION = 5.0;
				TARGETED_DEVICE_FAMILY = 4;
				TEST_HOST = "$(BUILT_PRODUCTS_DIR)/ClassTracker Watch App.app/$(BUNDLE_EXECUTABLE_FOLDER_PATH)/ClassTracker Watch App";
				VALIDATE_PRODUCT = YES;
				WATCHOS_DEPLOYMENT_TARGET = 10.5;
			};
			name = Release;
		};
		335006732C09036A002702E8 /* Debug */ = {
			isa = XCBuildConfiguration;
			buildSettings = {
				ALWAYS_EMBED_SWIFT_STANDARD_LIBRARIES = YES;
				CODE_SIGN_STYLE = Automatic;
				CURRENT_PROJECT_VERSION = 1;
				DEVELOPMENT_TEAM = XFLGFPAV24;
				GENERATE_INFOPLIST_FILE = YES;
				MARKETING_VERSION = 1.0;
				PRODUCT_BUNDLE_IDENTIFIER = "nanolocity.ClassTracker-Watch-AppUITests";
				PRODUCT_NAME = "$(TARGET_NAME)";
				SDKROOT = watchos;
				SWIFT_EMIT_LOC_STRINGS = NO;
				SWIFT_VERSION = 5.0;
				TARGETED_DEVICE_FAMILY = 4;
				TEST_TARGET_NAME = "ClassTracker Watch App";
				WATCHOS_DEPLOYMENT_TARGET = 10.5;
			};
			name = Debug;
		};
		335006742C09036A002702E8 /* Release */ = {
			isa = XCBuildConfiguration;
			buildSettings = {
				ALWAYS_EMBED_SWIFT_STANDARD_LIBRARIES = YES;
				CODE_SIGN_STYLE = Automatic;
				CURRENT_PROJECT_VERSION = 1;
				DEVELOPMENT_TEAM = XFLGFPAV24;
				GENERATE_INFOPLIST_FILE = YES;
				MARKETING_VERSION = 1.0;
				PRODUCT_BUNDLE_IDENTIFIER = "nanolocity.ClassTracker-Watch-AppUITests";
				PRODUCT_NAME = "$(TARGET_NAME)";
				SDKROOT = watchos;
				SWIFT_EMIT_LOC_STRINGS = NO;
				SWIFT_VERSION = 5.0;
				TARGETED_DEVICE_FAMILY = 4;
				TEST_TARGET_NAME = "ClassTracker Watch App";
				VALIDATE_PRODUCT = YES;
				WATCHOS_DEPLOYMENT_TARGET = 10.5;
			};
			name = Release;
		};
/* End XCBuildConfiguration section */

/* Begin XCConfigurationList section */
		335006112C09035D002702E8 /* Build configuration list for PBXProject "ClassTracker" */ = {
			isa = XCConfigurationList;
			buildConfigurations = (
				335006602C09036A002702E8 /* Debug */,
				335006612C09036A002702E8 /* Release */,
			);
			defaultConfigurationIsVisible = 0;
			defaultConfigurationName = Release;
		};
		335006622C09036A002702E8 /* Build configuration list for PBXNativeTarget "ClassTracker Watch App" */ = {
			isa = XCConfigurationList;
			buildConfigurations = (
				335006632C09036A002702E8 /* Debug */,
				335006642C09036A002702E8 /* Release */,
			);
			defaultConfigurationIsVisible = 0;
			defaultConfigurationName = Release;
		};
		335006662C09036A002702E8 /* Build configuration list for PBXNativeTarget "ClassTracker" */ = {
			isa = XCConfigurationList;
			buildConfigurations = (
				335006672C09036A002702E8 /* Debug */,
				335006682C09036A002702E8 /* Release */,
			);
			defaultConfigurationIsVisible = 0;
			defaultConfigurationName = Release;
		};
		335006692C09036A002702E8 /* Build configuration list for PBXNativeTarget "ClassTrackerTests" */ = {
			isa = XCConfigurationList;
			buildConfigurations = (
				3350066A2C09036A002702E8 /* Debug */,
				3350066B2C09036A002702E8 /* Release */,
			);
			defaultConfigurationIsVisible = 0;
			defaultConfigurationName = Release;
		};
		3350066C2C09036A002702E8 /* Build configuration list for PBXNativeTarget "ClassTrackerUITests" */ = {
			isa = XCConfigurationList;
			buildConfigurations = (
				3350066D2C09036A002702E8 /* Debug */,
				3350066E2C09036A002702E8 /* Release */,
			);
			defaultConfigurationIsVisible = 0;
			defaultConfigurationName = Release;
		};
		3350066F2C09036A002702E8 /* Build configuration list for PBXNativeTarget "ClassTracker Watch AppTests" */ = {
			isa = XCConfigurationList;
			buildConfigurations = (
				335006702C09036A002702E8 /* Debug */,
				335006712C09036A002702E8 /* Release */,
			);
			defaultConfigurationIsVisible = 0;
			defaultConfigurationName = Release;
		};
		335006722C09036A002702E8 /* Build configuration list for PBXNativeTarget "ClassTracker Watch AppUITests" */ = {
			isa = XCConfigurationList;
			buildConfigurations = (
				335006732C09036A002702E8 /* Debug */,
				335006742C09036A002702E8 /* Release */,
			);
			defaultConfigurationIsVisible = 0;
			defaultConfigurationName = Release;
		};
/* End XCConfigurationList section */
	};
	rootObject = 3350060E2C09035D002702E8 /* Project object */;
}
